
Microsoft Visual Studio Solution File, Format Version 12.00
# Visual Studio Version 17
VisualStudioVersion = 17.3.32804.467
MinimumVisualStudioVersion = 10.0.40219.1
Project("{FAE04EC0-301F-11D3-BF4B-00C04F79EFBC}") = "MallInventoryManagementSystem", "MallInventoryManagementSystem\MallInventoryManagementSystem.csproj", "{DC46CD52-CD9D-493D-BC1A-E75B3E046AEE}"
EndProject
Global
	GlobalSection(SolutionConfigurationPlatforms) = preSolution
		Debug|Any CPU = Debug|Any CPU
		Release|Any CPU = Release|Any CPU
	EndGlobalSection
	GlobalSection(ProjectConfigurationPlatforms) = postSolution
		{DC46CD52-CD9D-493D-BC1A-E75B3E046AEE}.Debug|Any CPU.ActiveCfg = Debug|Any CPU
		{DC46CD52-CD9D-493D-BC1A-E75B3E046AEE}.Debug|Any CPU.Build.0 = Debug|Any CPU
		{DC46CD52-CD9D-493D-BC1A-E75B3E046AEE}.Release|Any CPU.ActiveCfg = Release|Any CPU
		{DC46CD52-CD9D-493D-BC1A-E75B3E046AEE}.Release|Any CPU.Build.0 = Release|Any CPU
	EndGlobalSection
	GlobalSection(SolutionProperties) = preSolution
		HideSolutionNode = FALSE
	EndGlobalSection
	GlobalSection(ExtensibilityGlobals) = postSolution
		SolutionGuid = {1254CD9D-4912-4237-842F-E19C6E5E4938}
	EndGlobalSection
EndGlobal
